{
  "version": 4,
  "terraform_version": "1.0.3",
  "serial": 7,
  "lineage": "09b2358e-4d5c-f3fc-8d01-c9b06f46b5e7",
  "outputs": {},
  "resources": [
    {
      "mode": "managed",
      "type": "aws_internet_gateway",
      "name": "web_igw",
      "provider": "provider[\"registry.terraform.io/hashicorp/aws\"]",
      "instances": [
        {
          "schema_version": 0,
          "attributes": {
            "arn": "arn:aws:ec2:ap-south-1:806555897631:internet-gateway/igw-0667fdf711b4d46d9",
            "id": "igw-0667fdf711b4d46d9",
            "owner_id": "806555897631",
            "tags": {
              "Name": "dev",
              "value": "webigw"
            },
            "tags_all": {
              "Name": "dev",
              "value": "webigw"
            },
            "vpc_id": "vpc-0a0c9f95ac9881496"
          },
          "sensitive_attributes": [],
          "private": "bnVsbA==",
          "dependencies": [
            "aws_vpc.demo_webvpc"
          ]
        }
      ]
    },
    {
      "mode": "managed",
      "type": "aws_subnet",
      "name": "Privatesubnet1A",
      "provider": "provider[\"registry.terraform.io/hashicorp/aws\"]",
      "instances": [
        {
          "schema_version": 1,
          "attributes": {
            "arn": "arn:aws:ec2:ap-south-1:806555897631:subnet/subnet-0890bbf1cb6dac084",
            "assign_ipv6_address_on_creation": false,
            "availability_zone": "ap-south-1a",
            "availability_zone_id": "aps1-az1",
            "cidr_block": "10.0.1.0/24",
            "customer_owned_ipv4_pool": "",
            "id": "subnet-0890bbf1cb6dac084",
            "ipv6_cidr_block": "",
            "ipv6_cidr_block_association_id": "",
            "map_customer_owned_ip_on_launch": false,
            "map_public_ip_on_launch": false,
            "outpost_arn": "",
            "owner_id": "806555897631",
            "tags": {
              "Key": "Name",
              "value": "Privatesubent1A"
            },
            "tags_all": {
              "Key": "Name",
              "value": "Privatesubent1A"
            },
            "timeouts": null,
            "vpc_id": "vpc-0a0c9f95ac9881496"
          },
          "sensitive_attributes": [],
          "private": "eyJlMmJmYjczMC1lY2FhLTExZTYtOGY4OC0zNDM2M2JjN2M0YzAiOnsiY3JlYXRlIjo2MDAwMDAwMDAwMDAsImRlbGV0ZSI6MTIwMDAwMDAwMDAwMH0sInNjaGVtYV92ZXJzaW9uIjoiMSJ9",
          "dependencies": [
            "aws_vpc.demo_webvpc"
          ]
        }
      ]
    },
    {
      "mode": "managed",
      "type": "aws_subnet",
      "name": "Publicsubnet1A",
      "provider": "provider[\"registry.terraform.io/hashicorp/aws\"]",
      "instances": [
        {
          "schema_version": 1,
          "attributes": {
            "arn": "arn:aws:ec2:ap-south-1:806555897631:subnet/subnet-0a58c91319612edf5",
            "assign_ipv6_address_on_creation": false,
            "availability_zone": "ap-south-1a",
            "availability_zone_id": "aps1-az1",
            "cidr_block": "10.0.0.0/24",
            "customer_owned_ipv4_pool": "",
            "id": "subnet-0a58c91319612edf5",
            "ipv6_cidr_block": "",
            "ipv6_cidr_block_association_id": "",
            "map_customer_owned_ip_on_launch": false,
            "map_public_ip_on_launch": true,
            "outpost_arn": "",
            "owner_id": "806555897631",
            "tags": {
              "key": "Name",
              "value": "PublicSubnet1A"
            },
            "tags_all": {
              "key": "Name",
              "value": "PublicSubnet1A"
            },
            "timeouts": null,
            "vpc_id": "vpc-0a0c9f95ac9881496"
          },
          "sensitive_attributes": [],
          "private": "eyJlMmJmYjczMC1lY2FhLTExZTYtOGY4OC0zNDM2M2JjN2M0YzAiOnsiY3JlYXRlIjo2MDAwMDAwMDAwMDAsImRlbGV0ZSI6MTIwMDAwMDAwMDAwMH0sInNjaGVtYV92ZXJzaW9uIjoiMSJ9",
          "dependencies": [
            "aws_vpc.demo_webvpc"
          ]
        }
      ]
    },
    {
      "mode": "managed",
      "type": "aws_vpc",
      "name": "demo_webvpc",
      "provider": "provider[\"registry.terraform.io/hashicorp/aws\"]",
      "instances": [
        {
          "schema_version": 1,
          "attributes": {
            "arn": "arn:aws:ec2:ap-south-1:806555897631:vpc/vpc-0a0c9f95ac9881496",
            "assign_generated_ipv6_cidr_block": false,
            "cidr_block": "10.0.0.0/16",
            "default_network_acl_id": "acl-081a203c499e38f1c",
            "default_route_table_id": "rtb-048c1a8ffe422cae0",
            "default_security_group_id": "sg-0a37cbf0d4fec1e79",
            "dhcp_options_id": "dopt-20339a4b",
            "enable_classiclink": null,
            "enable_classiclink_dns_support": null,
            "enable_dns_hostnames": true,
            "enable_dns_support": true,
            "id": "vpc-0a0c9f95ac9881496",
            "instance_tenancy": "default",
            "ipv6_association_id": "",
            "ipv6_cidr_block": "",
            "main_route_table_id": "rtb-048c1a8ffe422cae0",
            "owner_id": "806555897631",
            "tags": {
              "key": "Name",
              "value": "aws_vpc"
            },
            "tags_all": {
              "key": "Name",
              "value": "aws_vpc"
            }
          },
          "sensitive_attributes": [],
          "private": "eyJzY2hlbWFfdmVyc2lvbiI6IjEifQ=="
        }
      ]
    }
  ]
}
